
Microsoft Visual Studio Solution File, Format Version 12.00
# Visual Studio Version 16
VisualStudioVersion = 25.0.1706.0
MinimumVisualStudioVersion = 10.0.40219.1
Project("{FAE04EC0-301F-11D3-BF4B-00C04F79EFBC}") = "ZeusMed.UI", "ZeusMed.UI\ZeusMed.UI.csproj", "{623C5A2E-0881-4890-8857-AE89116348BD}"
EndProject
Project("{FAE04EC0-301F-11D3-BF4B-00C04F79EFBC}") = "ZeusMed.Core", "ZeusMed.Core\ZeusMed.Core.csproj", "{267B77D4-D7E0-4278-BC01-EEE881C3A87E}"
EndProject
Project("{FAE04EC0-301F-11D3-BF4B-00C04F79EFBC}") = "ZeusMed.DataAccess", "ZeusMed.DataAccess\ZeusMed.DataAccess.csproj", "{96805585-0164-45EC-8DA8-5C1CD37C09FD}"
EndProject
Project("{FAE04EC0-301F-11D3-BF4B-00C04F79EFBC}") = "Business", "Business\Business.csproj", "{EFE806BD-8432-49D9-B965-37FDA4F5E746}"
EndProject
Global
	GlobalSection(SolutionConfigurationPlatforms) = preSolution
		Debug|Any CPU = Debug|Any CPU
		Release|Any CPU = Release|Any CPU
	EndGlobalSection
	GlobalSection(ProjectConfigurationPlatforms) = postSolution
		{623C5A2E-0881-4890-8857-AE89116348BD}.Debug|Any CPU.ActiveCfg = Debug|Any CPU
		{623C5A2E-0881-4890-8857-AE89116348BD}.Debug|Any CPU.Build.0 = Debug|Any CPU
		{623C5A2E-0881-4890-8857-AE89116348BD}.Release|Any CPU.ActiveCfg = Release|Any CPU
		{623C5A2E-0881-4890-8857-AE89116348BD}.Release|Any CPU.Build.0 = Release|Any CPU
		{267B77D4-D7E0-4278-BC01-EEE881C3A87E}.Debug|Any CPU.ActiveCfg = Debug|Any CPU
		{267B77D4-D7E0-4278-BC01-EEE881C3A87E}.Debug|Any CPU.Build.0 = Debug|Any CPU
		{267B77D4-D7E0-4278-BC01-EEE881C3A87E}.Release|Any CPU.ActiveCfg = Release|Any CPU
		{267B77D4-D7E0-4278-BC01-EEE881C3A87E}.Release|Any CPU.Build.0 = Release|Any CPU
		{96805585-0164-45EC-8DA8-5C1CD37C09FD}.Debug|Any CPU.ActiveCfg = Debug|Any CPU
		{96805585-0164-45EC-8DA8-5C1CD37C09FD}.Debug|Any CPU.Build.0 = Debug|Any CPU
		{96805585-0164-45EC-8DA8-5C1CD37C09FD}.Release|Any CPU.ActiveCfg = Release|Any CPU
		{96805585-0164-45EC-8DA8-5C1CD37C09FD}.Release|Any CPU.Build.0 = Release|Any CPU
		{EFE806BD-8432-49D9-B965-37FDA4F5E746}.Debug|Any CPU.ActiveCfg = Debug|Any CPU
		{EFE806BD-8432-49D9-B965-37FDA4F5E746}.Debug|Any CPU.Build.0 = Debug|Any CPU
		{EFE806BD-8432-49D9-B965-37FDA4F5E746}.Release|Any CPU.ActiveCfg = Release|Any CPU
		{EFE806BD-8432-49D9-B965-37FDA4F5E746}.Release|Any CPU.Build.0 = Release|Any CPU
	EndGlobalSection
	GlobalSection(SolutionProperties) = preSolution
		HideSolutionNode = FALSE
	EndGlobalSection
	GlobalSection(ExtensibilityGlobals) = postSolution
		SolutionGuid = {CE421BF4-EFAC-4187-806D-FA211A69E9EC}
	EndGlobalSection
EndGlobal
